
Microsoft Visual Studio Solution File, Format Version 12.00
# Visual Studio Version 16
VisualStudioVersion = 16.0.33423.256
MinimumVisualStudioVersion = 10.0.40219.1
Project("{9A19103F-16F7-4668-BE54-9A1E7A4F7556}") = "CleanUpPlotterBundles", "CleanUpPlotterBundles\CleanUpPlotterBundles.csproj", "{AF576AD8-ABC3-4732-8766-D5557B46AA3E}"
EndProject
Global
	GlobalSection(SolutionConfigurationPlatforms) = preSolution
		Debug|Any CPU = Debug|Any CPU
		Release|Any CPU = Release|Any CPU
	EndGlobalSection
	GlobalSection(ProjectConfigurationPlatforms) = postSolution
		{AF576AD8-ABC3-4732-8766-D5557B46AA3E}.Debug|Any CPU.ActiveCfg = Debug|Any CPU
		{AF576AD8-ABC3-4732-8766-D5557B46AA3E}.Debug|Any CPU.Build.0 = Debug|Any CPU
		{AF576AD8-ABC3-4732-8766-D5557B46AA3E}.Release|Any CPU.ActiveCfg = Release|Any CPU
		{AF576AD8-ABC3-4732-8766-D5557B46AA3E}.Release|Any CPU.Build.0 = Release|Any CPU
	EndGlobalSection
	GlobalSection(SolutionProperties) = preSolution
		HideSolutionNode = FALSE
	EndGlobalSection
	GlobalSection(ExtensibilityGlobals) = postSolution
		SolutionGuid = {3A1AFFEB-66C1-47B9-AD32-3310E28DC4A2}
	EndGlobalSection
EndGlobal
